// !$*UTF8*$!
{
	archiveVersion = 1;
	classes = {
	};
	objectVersion = 50;
	objects = {

/* Begin PBXBuildFile section */
		FABC061A26EE8B8000BBCDA7 /* AfricaApp.swift in Sources */ = {isa = PBXBuildFile; fileRef = FABC061926EE8B8000BBCDA7 /* AfricaApp.swift */; };
		FABC061C26EE8B8000BBCDA7 /* ContentView.swift in Sources */ = {isa = PBXBuildFile; fileRef = FABC061B26EE8B8000BBCDA7 /* ContentView.swift */; };
		FABC061E26EE8B8200BBCDA7 /* Assets.xcassets in Resources */ = {isa = PBXBuildFile; fileRef = FABC061D26EE8B8200BBCDA7 /* Assets.xcassets */; };
		FABC062126EE8B8200BBCDA7 /* Preview Assets.xcassets in Resources */ = {isa = PBXBuildFile; fileRef = FABC062026EE8B8200BBCDA7 /* Preview Assets.xcassets */; };
		FABC063326EE8FE500BBCDA7 /* hippo.mp4 in Resources */ = {isa = PBXBuildFile; fileRef = FABC062926EE8FE300BBCDA7 /* hippo.mp4 */; };
		FABC063426EE8FE500BBCDA7 /* zebra.mp4 in Resources */ = {isa = PBXBuildFile; fileRef = FABC062A26EE8FE400BBCDA7 /* zebra.mp4 */; };
		FABC063526EE8FE500BBCDA7 /* rhino.mp4 in Resources */ = {isa = PBXBuildFile; fileRef = FABC062B26EE8FE400BBCDA7 /* rhino.mp4 */; };
		FABC063626EE8FE500BBCDA7 /* gorilla.mp4 in Resources */ = {isa = PBXBuildFile; fileRef = FABC062C26EE8FE400BBCDA7 /* gorilla.mp4 */; };
		FABC063726EE8FE500BBCDA7 /* lion.mp4 in Resources */ = {isa = PBXBuildFile; fileRef = FABC062D26EE8FE400BBCDA7 /* lion.mp4 */; };
		FABC063826EE8FE500BBCDA7 /* cheetah.mp4 in Resources */ = {isa = PBXBuildFile; fileRef = FABC062E26EE8FE400BBCDA7 /* cheetah.mp4 */; };
		FABC063926EE8FE500BBCDA7 /* ostrich.mp4 in Resources */ = {isa = PBXBuildFile; fileRef = FABC062F26EE8FE500BBCDA7 /* ostrich.mp4 */; };
		FABC063A26EE8FE500BBCDA7 /* elephant.mp4 in Resources */ = {isa = PBXBuildFile; fileRef = FABC063026EE8FE500BBCDA7 /* elephant.mp4 */; };
		FABC063B26EE8FE500BBCDA7 /* lioness.mp4 in Resources */ = {isa = PBXBuildFile; fileRef = FABC063126EE8FE500BBCDA7 /* lioness.mp4 */; };
		FABC063C26EE8FE500BBCDA7 /* giraffe.mp4 in Resources */ = {isa = PBXBuildFile; fileRef = FABC063226EE8FE500BBCDA7 /* giraffe.mp4 */; };
		FABC064626EE912500BBCDA7 /* videos.json in Resources */ = {isa = PBXBuildFile; fileRef = FABC064226EE912500BBCDA7 /* videos.json */; };
		FABC064726EE912500BBCDA7 /* animals.json in Resources */ = {isa = PBXBuildFile; fileRef = FABC064326EE912500BBCDA7 /* animals.json */; };
		FABC064826EE912500BBCDA7 /* locations.json in Resources */ = {isa = PBXBuildFile; fileRef = FABC064426EE912500BBCDA7 /* locations.json */; };
		FABC064926EE912500BBCDA7 /* covers.json in Resources */ = {isa = PBXBuildFile; fileRef = FABC064526EE912500BBCDA7 /* covers.json */; };
		FABC064C26EE984000BBCDA7 /* VideoListView.swift in Sources */ = {isa = PBXBuildFile; fileRef = FABC064B26EE984000BBCDA7 /* VideoListView.swift */; };
		FABC064E26EE986E00BBCDA7 /* MapView.swift in Sources */ = {isa = PBXBuildFile; fileRef = FABC064D26EE986E00BBCDA7 /* MapView.swift */; };
		FABC065026EE989200BBCDA7 /* GalleryView.swift in Sources */ = {isa = PBXBuildFile; fileRef = FABC064F26EE989200BBCDA7 /* GalleryView.swift */; };
		FABC065226EE98B600BBCDA7 /* MainView.swift in Sources */ = {isa = PBXBuildFile; fileRef = FABC065126EE98B600BBCDA7 /* MainView.swift */; };
/* End PBXBuildFile section */

/* Begin PBXFileReference section */
		FABC061626EE8B8000BBCDA7 /* Africa.app */ = {isa = PBXFileReference; explicitFileType = wrapper.application; includeInIndex = 0; path = Africa.app; sourceTree = BUILT_PRODUCTS_DIR; };
		FABC061926EE8B8000BBCDA7 /* AfricaApp.swift */ = {isa = PBXFileReference; lastKnownFileType = sourcecode.swift; path = AfricaApp.swift; sourceTree = "<group>"; };
		FABC061B26EE8B8000BBCDA7 /* ContentView.swift */ = {isa = PBXFileReference; lastKnownFileType = sourcecode.swift; path = ContentView.swift; sourceTree = "<group>"; };
		FABC061D26EE8B8200BBCDA7 /* Assets.xcassets */ = {isa = PBXFileReference; lastKnownFileType = folder.assetcatalog; path = Assets.xcassets; sourceTree = "<group>"; };
		FABC062026EE8B8200BBCDA7 /* Preview Assets.xcassets */ = {isa = PBXFileReference; lastKnownFileType = folder.assetcatalog; path = "Preview Assets.xcassets"; sourceTree = "<group>"; };
		FABC062226EE8B8200BBCDA7 /* Info.plist */ = {isa = PBXFileReference; lastKnownFileType = text.plist.xml; path = Info.plist; sourceTree = "<group>"; };
		FABC062926EE8FE300BBCDA7 /* hippo.mp4 */ = {isa = PBXFileReference; lastKnownFileType = file; path = hippo.mp4; sourceTree = "<group>"; };
		FABC062A26EE8FE400BBCDA7 /* zebra.mp4 */ = {isa = PBXFileReference; lastKnownFileType = file; path = zebra.mp4; sourceTree = "<group>"; };
		FABC062B26EE8FE400BBCDA7 /* rhino.mp4 */ = {isa = PBXFileReference; lastKnownFileType = file; path = rhino.mp4; sourceTree = "<group>"; };
		FABC062C26EE8FE400BBCDA7 /* gorilla.mp4 */ = {isa = PBXFileReference; lastKnownFileType = file; path = gorilla.mp4; sourceTree = "<group>"; };
		FABC062D26EE8FE400BBCDA7 /* lion.mp4 */ = {isa = PBXFileReference; lastKnownFileType = file; path = lion.mp4; sourceTree = "<group>"; };
		FABC062E26EE8FE400BBCDA7 /* cheetah.mp4 */ = {isa = PBXFileReference; lastKnownFileType = file; path = cheetah.mp4; sourceTree = "<group>"; };
		FABC062F26EE8FE500BBCDA7 /* ostrich.mp4 */ = {isa = PBXFileReference; lastKnownFileType = file; path = ostrich.mp4; sourceTree = "<group>"; };
		FABC063026EE8FE500BBCDA7 /* elephant.mp4 */ = {isa = PBXFileReference; lastKnownFileType = file; path = elephant.mp4; sourceTree = "<group>"; };
		FABC063126EE8FE500BBCDA7 /* lioness.mp4 */ = {isa = PBXFileReference; lastKnownFileType = file; path = lioness.mp4; sourceTree = "<group>"; };
		FABC063226EE8FE500BBCDA7 /* giraffe.mp4 */ = {isa = PBXFileReference; lastKnownFileType = file; path = giraffe.mp4; sourceTree = "<group>"; };
		FABC064226EE912500BBCDA7 /* videos.json */ = {isa = PBXFileReference; fileEncoding = 4; lastKnownFileType = text.json; path = videos.json; sourceTree = "<group>"; };
		FABC064326EE912500BBCDA7 /* animals.json */ = {isa = PBXFileReference; fileEncoding = 4; lastKnownFileType = text.json; path = animals.json; sourceTree = "<group>"; };
		FABC064426EE912500BBCDA7 /* locations.json */ = {isa = PBXFileReference; fileEncoding = 4; lastKnownFileType = text.json; path = locations.json; sourceTree = "<group>"; };
		FABC064526EE912500BBCDA7 /* covers.json */ = {isa = PBXFileReference; fileEncoding = 4; lastKnownFileType = text.json; path = covers.json; sourceTree = "<group>"; };
		FABC064B26EE984000BBCDA7 /* VideoListView.swift */ = {isa = PBXFileReference; lastKnownFileType = sourcecode.swift; path = VideoListView.swift; sourceTree = "<group>"; };
		FABC064D26EE986E00BBCDA7 /* MapView.swift */ = {isa = PBXFileReference; lastKnownFileType = sourcecode.swift; path = MapView.swift; sourceTree = "<group>"; };
		FABC064F26EE989200BBCDA7 /* GalleryView.swift */ = {isa = PBXFileReference; lastKnownFileType = sourcecode.swift; path = GalleryView.swift; sourceTree = "<group>"; };
		FABC065126EE98B600BBCDA7 /* MainView.swift */ = {isa = PBXFileReference; lastKnownFileType = sourcecode.swift; path = MainView.swift; sourceTree = "<group>"; };
/* End PBXFileReference section */

/* Begin PBXFrameworksBuildPhase section */
		FABC061326EE8B8000BBCDA7 /* Frameworks */ = {
			isa = PBXFrameworksBuildPhase;
			buildActionMask = 2147483647;
			files = (
			);
			runOnlyForDeploymentPostprocessing = 0;
		};
/* End PBXFrameworksBuildPhase section */

/* Begin PBXGroup section */
		FABC060D26EE8B8000BBCDA7 = {
			isa = PBXGroup;
			children = (
				FABC061826EE8B8000BBCDA7 /* Africa */,
				FABC061726EE8B8000BBCDA7 /* Products */,
			);
			sourceTree = "<group>";
		};
		FABC061726EE8B8000BBCDA7 /* Products */ = {
			isa = PBXGroup;
			children = (
				FABC061626EE8B8000BBCDA7 /* Africa.app */,
			);
			name = Products;
			sourceTree = "<group>";
		};
		FABC061826EE8B8000BBCDA7 /* Africa */ = {
			isa = PBXGroup;
			children = (
				FABC063D26EE902100BBCDA7 /* Data */,
				FABC062826EE8F4C00BBCDA7 /* Video */,
				FABC064A26EE980100BBCDA7 /* App */,
				FABC061D26EE8B8200BBCDA7 /* Assets.xcassets */,
				FABC062226EE8B8200BBCDA7 /* Info.plist */,
				FABC061F26EE8B8200BBCDA7 /* Preview Content */,
			);
			path = Africa;
			sourceTree = "<group>";
		};
		FABC061F26EE8B8200BBCDA7 /* Preview Content */ = {
			isa = PBXGroup;
			children = (
				FABC062026EE8B8200BBCDA7 /* Preview Assets.xcassets */,
			);
			path = "Preview Content";
			sourceTree = "<group>";
		};
		FABC062826EE8F4C00BBCDA7 /* Video */ = {
			isa = PBXGroup;
			children = (
				FABC062E26EE8FE400BBCDA7 /* cheetah.mp4 */,
				FABC063026EE8FE500BBCDA7 /* elephant.mp4 */,
				FABC063226EE8FE500BBCDA7 /* giraffe.mp4 */,
				FABC062C26EE8FE400BBCDA7 /* gorilla.mp4 */,
				FABC062926EE8FE300BBCDA7 /* hippo.mp4 */,
				FABC062D26EE8FE400BBCDA7 /* lion.mp4 */,
				FABC063126EE8FE500BBCDA7 /* lioness.mp4 */,
				FABC062F26EE8FE500BBCDA7 /* ostrich.mp4 */,
				FABC062B26EE8FE400BBCDA7 /* rhino.mp4 */,
				FABC062A26EE8FE400BBCDA7 /* zebra.mp4 */,
			);
			path = Video;
			sourceTree = "<group>";
		};
		FABC063D26EE902100BBCDA7 /* Data */ = {
			isa = PBXGroup;
			children = (
				FABC064326EE912500BBCDA7 /* animals.json */,
				FABC064526EE912500BBCDA7 /* covers.json */,
				FABC064426EE912500BBCDA7 /* locations.json */,
				FABC064226EE912500BBCDA7 /* videos.json */,
			);
			path = Data;
			sourceTree = "<group>";
		};
		FABC064A26EE980100BBCDA7 /* App */ = {
			isa = PBXGroup;
			children = (
				FABC061926EE8B8000BBCDA7 /* AfricaApp.swift */,
				FABC065126EE98B600BBCDA7 /* MainView.swift */,
				FABC061B26EE8B8000BBCDA7 /* ContentView.swift */,
				FABC064B26EE984000BBCDA7 /* VideoListView.swift */,
				FABC064D26EE986E00BBCDA7 /* MapView.swift */,
				FABC064F26EE989200BBCDA7 /* GalleryView.swift */,
			);
			path = App;
			sourceTree = "<group>";
		};
/* End PBXGroup section */

/* Begin PBXNativeTarget section */
		FABC061526EE8B8000BBCDA7 /* Africa */ = {
			isa = PBXNativeTarget;
			buildConfigurationList = FABC062526EE8B8200BBCDA7 /* Build configuration list for PBXNativeTarget "Africa" */;
			buildPhases = (
				FABC061226EE8B8000BBCDA7 /* Sources */,
				FABC061326EE8B8000BBCDA7 /* Frameworks */,
				FABC061426EE8B8000BBCDA7 /* Resources */,
			);
			buildRules = (
			);
			dependencies = (
			);
			name = Africa;
			productName = Africa;
			productReference = FABC061626EE8B8000BBCDA7 /* Africa.app */;
			productType = "com.apple.product-type.application";
		};
/* End PBXNativeTarget section */

/* Begin PBXProject section */
		FABC060E26EE8B8000BBCDA7 /* Project object */ = {
			isa = PBXProject;
			attributes = {
				LastSwiftUpdateCheck = 1250;
				LastUpgradeCheck = 1250;
				TargetAttributes = {
					FABC061526EE8B8000BBCDA7 = {
						CreatedOnToolsVersion = 12.5.1;
					};
				};
			};
			buildConfigurationList = FABC061126EE8B8000BBCDA7 /* Build configuration list for PBXProject "Africa" */;
			compatibilityVersion = "Xcode 9.3";
			developmentRegion = en;
			hasScannedForEncodings = 0;
			knownRegions = (
				en,
				Base,
			);
			mainGroup = FABC060D26EE8B8000BBCDA7;
			productRefGroup = FABC061726EE8B8000BBCDA7 /* Products */;
			projectDirPath = "";
			projectRoot = "";
			targets = (
				FABC061526EE8B8000BBCDA7 /* Africa */,
			);
		};
/* End PBXProject section */

/* Begin PBXResourcesBuildPhase section */
		FABC061426EE8B8000BBCDA7 /* Resources */ = {
			isa = PBXResourcesBuildPhase;
			buildActionMask = 2147483647;
			files = (
				FABC063426EE8FE500BBCDA7 /* zebra.mp4 in Resources */,
				FABC063B26EE8FE500BBCDA7 /* lioness.mp4 in Resources */,
				FABC063C26EE8FE500BBCDA7 /* giraffe.mp4 in Resources */,
				FABC062126EE8B8200BBCDA7 /* Preview Assets.xcassets in Resources */,
				FABC064626EE912500BBCDA7 /* videos.json in Resources */,
				FABC064926EE912500BBCDA7 /* covers.json in Resources */,
				FABC063726EE8FE500BBCDA7 /* lion.mp4 in Resources */,
				FABC063926EE8FE500BBCDA7 /* ostrich.mp4 in Resources */,
				FABC064826EE912500BBCDA7 /* locations.json in Resources */,
				FABC064726EE912500BBCDA7 /* animals.json in Resources */,
				FABC063326EE8FE500BBCDA7 /* hippo.mp4 in Resources */,
				FABC063826EE8FE500BBCDA7 /* cheetah.mp4 in Resources */,
				FABC063526EE8FE500BBCDA7 /* rhino.mp4 in Resources */,
				FABC063626EE8FE500BBCDA7 /* gorilla.mp4 in Resources */,
				FABC063A26EE8FE500BBCDA7 /* elephant.mp4 in Resources */,
				FABC061E26EE8B8200BBCDA7 /* Assets.xcassets in Resources */,
			);
			runOnlyForDeploymentPostprocessing = 0;
		};
/* End PBXResourcesBuildPhase section */

/* Begin PBXSourcesBuildPhase section */
		FABC061226EE8B8000BBCDA7 /* Sources */ = {
			isa = PBXSourcesBuildPhase;
			buildActionMask = 2147483647;
			files = (
				FABC061C26EE8B8000BBCDA7 /* ContentView.swift in Sources */,
				FABC065226EE98B600BBCDA7 /* MainView.swift in Sources */,
				FABC064E26EE986E00BBCDA7 /* MapView.swift in Sources */,
				FABC061A26EE8B8000BBCDA7 /* AfricaApp.swift in Sources */,
				FABC064C26EE984000BBCDA7 /* VideoListView.swift in Sources */,
				FABC065026EE989200BBCDA7 /* GalleryView.swift in Sources */,
			);
			runOnlyForDeploymentPostprocessing = 0;
		};
/* End PBXSourcesBuildPhase section */

/* Begin XCBuildConfiguration section */
		FABC062326EE8B8200BBCDA7 /* Debug */ = {
			isa = XCBuildConfiguration;
			buildSettings = {
				ALWAYS_SEARCH_USER_PATHS = NO;
				CLANG_ANALYZER_NONNULL = YES;
				CLANG_ANALYZER_NUMBER_OBJECT_CONVERSION = YES_AGGRESSIVE;
				CLANG_CXX_LANGUAGE_STANDARD = "gnu++14";
				CLANG_CXX_LIBRARY = "libc++";
				CLANG_ENABLE_MODULES = YES;
				CLANG_ENABLE_OBJC_ARC = YES;
				CLANG_ENABLE_OBJC_WEAK = YES;
				CLANG_WARN_BLOCK_CAPTURE_AUTORELEASING = YES;
				CLANG_WARN_BOOL_CONVERSION = YES;
				CLANG_WARN_COMMA = YES;
				CLANG_WARN_CONSTANT_CONVERSION = YES;
				CLANG_WARN_DEPRECATED_OBJC_IMPLEMENTATIONS = YES;
				CLANG_WARN_DIRECT_OBJC_ISA_USAGE = YES_ERROR;
				CLANG_WARN_DOCUMENTATION_COMMENTS = YES;
				CLANG_WARN_EMPTY_BODY = YES;
				CLANG_WARN_ENUM_CONVERSION = YES;
				CLANG_WARN_INFINITE_RECURSION = YES;
				CLANG_WARN_INT_CONVERSION = YES;
				CLANG_WARN_NON_LITERAL_NULL_CONVERSION = YES;
				CLANG_WARN_OBJC_IMPLICIT_RETAIN_SELF = YES;
				CLANG_WARN_OBJC_LITERAL_CONVERSION = YES;
				CLANG_WARN_OBJC_ROOT_CLASS = YES_ERROR;
				CLANG_WARN_QUOTED_INCLUDE_IN_FRAMEWORK_HEADER = YES;
				CLANG_WARN_RANGE_LOOP_ANALYSIS = YES;
				CLANG_WARN_STRICT_PROTOTYPES = YES;
				CLANG_WARN_SUSPICIOUS_MOVE = YES;
				CLANG_WARN_UNGUARDED_AVAILABILITY = YES_AGGRESSIVE;
				CLANG_WARN_UNREACHABLE_CODE = YES;
				CLANG_WARN__DUPLICATE_METHOD_MATCH = YES;
				COPY_PHASE_STRIP = NO;
				DEBUG_INFORMATION_FORMAT = dwarf;
				ENABLE_STRICT_OBJC_MSGSEND = YES;
				ENABLE_TESTABILITY = YES;
				GCC_C_LANGUAGE_STANDARD = gnu11;
				GCC_DYNAMIC_NO_PIC = NO;
				GCC_NO_COMMON_BLOCKS = YES;
				GCC_OPTIMIZATION_LEVEL = 0;
				GCC_PREPROCESSOR_DEFINITIONS = (
					"DEBUG=1",
					"$(inherited)",
				);
				GCC_WARN_64_TO_32_BIT_CONVERSION = YES;
				GCC_WARN_ABOUT_RETURN_TYPE = YES_ERROR;
				GCC_WARN_UNDECLARED_SELECTOR = YES;
				GCC_WARN_UNINITIALIZED_AUTOS = YES_AGGRESSIVE;
				GCC_WARN_UNUSED_FUNCTION = YES;
				GCC_WARN_UNUSED_VARIABLE = YES;
				IPHONEOS_DEPLOYMENT_TARGET = 14.5;
				MTL_ENABLE_DEBUG_INFO = INCLUDE_SOURCE;
				MTL_FAST_MATH = YES;
				ONLY_ACTIVE_ARCH = YES;
				SDKROOT = iphoneos;
				SWIFT_ACTIVE_COMPILATION_CONDITIONS = DEBUG;
				SWIFT_OPTIMIZATION_LEVEL = "-Onone";
			};
			name = Debug;
		};
		FABC062426EE8B8200BBCDA7 /* Release */ = {
			isa = XCBuildConfiguration;
			buildSettings = {
				ALWAYS_SEARCH_USER_PATHS = NO;
				CLANG_ANALYZER_NONNULL = YES;
				CLANG_ANALYZER_NUMBER_OBJECT_CONVERSION = YES_AGGRESSIVE;
				CLANG_CXX_LANGUAGE_STANDARD = "gnu++14";
				CLANG_CXX_LIBRARY = "libc++";
				CLANG_ENABLE_MODULES = YES;
				CLANG_ENABLE_OBJC_ARC = YES;
				CLANG_ENABLE_OBJC_WEAK = YES;
				CLANG_WARN_BLOCK_CAPTURE_AUTORELEASING = YES;
				CLANG_WARN_BOOL_CONVERSION = YES;
				CLANG_WARN_COMMA = YES;
				CLANG_WARN_CONSTANT_CONVERSION = YES;
				CLANG_WARN_DEPRECATED_OBJC_IMPLEMENTATIONS = YES;
				CLANG_WARN_DIRECT_OBJC_ISA_USAGE = YES_ERROR;
				CLANG_WARN_DOCUMENTATION_COMMENTS = YES;
				CLANG_WARN_EMPTY_BODY = YES;
				CLANG_WARN_ENUM_CONVERSION = YES;
				CLANG_WARN_INFINITE_RECURSION = YES;
				CLANG_WARN_INT_CONVERSION = YES;
				CLANG_WARN_NON_LITERAL_NULL_CONVERSION = YES;
				CLANG_WARN_OBJC_IMPLICIT_RETAIN_SELF = YES;
				CLANG_WARN_OBJC_LITERAL_CONVERSION = YES;
				CLANG_WARN_OBJC_ROOT_CLASS = YES_ERROR;
				CLANG_WARN_QUOTED_INCLUDE_IN_FRAMEWORK_HEADER = YES;
				CLANG_WARN_RANGE_LOOP_ANALYSIS = YES;
				CLANG_WARN_STRICT_PROTOTYPES = YES;
				CLANG_WARN_SUSPICIOUS_MOVE = YES;
				CLANG_WARN_UNGUARDED_AVAILABILITY = YES_AGGRESSIVE;
				CLANG_WARN_UNREACHABLE_CODE = YES;
				CLANG_WARN__DUPLICATE_METHOD_MATCH = YES;
				COPY_PHASE_STRIP = NO;
				DEBUG_INFORMATION_FORMAT = "dwarf-with-dsym";
				ENABLE_NS_ASSERTIONS = NO;
				ENABLE_STRICT_OBJC_MSGSEND = YES;
				GCC_C_LANGUAGE_STANDARD = gnu11;
				GCC_NO_COMMON_BLOCKS = YES;
				GCC_WARN_64_TO_32_BIT_CONVERSION = YES;
				GCC_WARN_ABOUT_RETURN_TYPE = YES_ERROR;
				GCC_WARN_UNDECLARED_SELECTOR = YES;
				GCC_WARN_UNINITIALIZED_AUTOS = YES_AGGRESSIVE;
				GCC_WARN_UNUSED_FUNCTION = YES;
				GCC_WARN_UNUSED_VARIABLE = YES;
				IPHONEOS_DEPLOYMENT_TARGET = 14.5;
				MTL_ENABLE_DEBUG_INFO = NO;
				MTL_FAST_MATH = YES;
				SDKROOT = iphoneos;
				SWIFT_COMPILATION_MODE = wholemodule;
				SWIFT_OPTIMIZATION_LEVEL = "-O";
				VALIDATE_PRODUCT = YES;
			};
			name = Release;
		};
		FABC062626EE8B8200BBCDA7 /* Debug */ = {
			isa = XCBuildConfiguration;
			buildSettings = {
				ASSETCATALOG_COMPILER_APPICON_NAME = AppIcon;
				ASSETCATALOG_COMPILER_GLOBAL_ACCENT_COLOR_NAME = AccentColor;
				CODE_SIGN_STYLE = Automatic;
				DEVELOPMENT_ASSET_PATHS = "\"Africa/Preview Content\"";
				DEVELOPMENT_TEAM = 9D3YMVMCY5;
				ENABLE_PREVIEWS = YES;
				INFOPLIST_FILE = Africa/Info.plist;
				IPHONEOS_DEPLOYMENT_TARGET = 14.0;
				LD_RUNPATH_SEARCH_PATHS = (
					"$(inherited)",
					"@executable_path/Frameworks",
				);
				PRODUCT_BUNDLE_IDENTIFIER = com.sazza.Africa;
				PRODUCT_NAME = "$(TARGET_NAME)";
				SWIFT_VERSION = 5.0;
				TARGETED_DEVICE_FAMILY = "1,2";
			};
			name = Debug;
		};
		FABC062726EE8B8200BBCDA7 /* Release */ = {
			isa = XCBuildConfiguration;
			buildSettings = {
				ASSETCATALOG_COMPILER_APPICON_NAME = AppIcon;
				ASSETCATALOG_COMPILER_GLOBAL_ACCENT_COLOR_NAME = AccentColor;
				CODE_SIGN_STYLE = Automatic;
				DEVELOPMENT_ASSET_PATHS = "\"Africa/Preview Content\"";
				DEVELOPMENT_TEAM = 9D3YMVMCY5;
				ENABLE_PREVIEWS = YES;
				INFOPLIST_FILE = Africa/Info.plist;
				IPHONEOS_DEPLOYMENT_TARGET = 14.0;
				LD_RUNPATH_SEARCH_PATHS = (
					"$(inherited)",
					"@executable_path/Frameworks",
				);
				PRODUCT_BUNDLE_IDENTIFIER = com.sazza.Africa;
				PRODUCT_NAME = "$(TARGET_NAME)";
				SWIFT_VERSION = 5.0;
				TARGETED_DEVICE_FAMILY = "1,2";
			};
			name = Release;
		};
/* End XCBuildConfiguration section */

/* Begin XCConfigurationList section */
		FABC061126EE8B8000BBCDA7 /* Build configuration list for PBXProject "Africa" */ = {
			isa = XCConfigurationList;
			buildConfigurations = (
				FABC062326EE8B8200BBCDA7 /* Debug */,
				FABC062426EE8B8200BBCDA7 /* Release */,
			);
			defaultConfigurationIsVisible = 0;
			defaultConfigurationName = Release;
		};
		FABC062526EE8B8200BBCDA7 /* Build configuration list for PBXNativeTarget "Africa" */ = {
			isa = XCConfigurationList;
			buildConfigurations = (
				FABC062626EE8B8200BBCDA7 /* Debug */,
				FABC062726EE8B8200BBCDA7 /* Release */,
			);
			defaultConfigurationIsVisible = 0;
			defaultConfigurationName = Release;
		};
/* End XCConfigurationList section */
	};
	rootObject = FABC060E26EE8B8000BBCDA7 /* Project object */;
}
